
Microsoft Visual Studio Solution File, Format Version 12.00
# Visual Studio Version 17
VisualStudioVersion = 17.14.36616.10 d17.14
MinimumVisualStudioVersion = 10.0.40219.1
Project("{FAE04EC0-301F-11D3-BF4B-00C04F79EFBC}") = "VillaAgency", "VillaAgency.csproj", "{3E141CDB-A904-4FEB-9A06-8E8F46AD41F1}"
EndProject
Global
	GlobalSection(SolutionConfigurationPlatforms) = preSolution
		Debug|Any CPU = Debug|Any CPU
		Release|Any CPU = Release|Any CPU
	EndGlobalSection
	GlobalSection(ProjectConfigurationPlatforms) = postSolution
		{3E141CDB-A904-4FEB-9A06-8E8F46AD41F1}.Debug|Any CPU.ActiveCfg = Debug|Any CPU
		{3E141CDB-A904-4FEB-9A06-8E8F46AD41F1}.Debug|Any CPU.Build.0 = Debug|Any CPU
		{3E141CDB-A904-4FEB-9A06-8E8F46AD41F1}.Release|Any CPU.ActiveCfg = Release|Any CPU
		{3E141CDB-A904-4FEB-9A06-8E8F46AD41F1}.Release|Any CPU.Build.0 = Release|Any CPU
	EndGlobalSection
	GlobalSection(SolutionProperties) = preSolution
		HideSolutionNode = FALSE
	EndGlobalSection
	GlobalSection(ExtensibilityGlobals) = postSolution
		SolutionGuid = {388F8F26-04DD-4A2B-B373-10AC837FD530}
	EndGlobalSection
EndGlobal
